
Microsoft Visual Studio Solution File, Format Version 12.00
# Visual Studio 15
VisualStudioVersion = 15.0.28010.2046
MinimumVisualStudioVersion = 10.0.40219.1
Project("{FAE04EC0-301F-11D3-BF4B-00C04F79EFBC}") = "pp_lab3", "pp_lab3\pp_lab3.csproj", "{976BB10D-DB0E-46B2-B5E7-EF724A3F28B5}"
EndProject
Global
	GlobalSection(SolutionConfigurationPlatforms) = preSolution
		Debug|Any CPU = Debug|Any CPU
		Release|Any CPU = Release|Any CPU
	EndGlobalSection
	GlobalSection(ProjectConfigurationPlatforms) = postSolution
		{976BB10D-DB0E-46B2-B5E7-EF724A3F28B5}.Debug|Any CPU.ActiveCfg = Debug|Any CPU
		{976BB10D-DB0E-46B2-B5E7-EF724A3F28B5}.Debug|Any CPU.Build.0 = Debug|Any CPU
		{976BB10D-DB0E-46B2-B5E7-EF724A3F28B5}.Release|Any CPU.ActiveCfg = Release|Any CPU
		{976BB10D-DB0E-46B2-B5E7-EF724A3F28B5}.Release|Any CPU.Build.0 = Release|Any CPU
	EndGlobalSection
	GlobalSection(SolutionProperties) = preSolution
		HideSolutionNode = FALSE
	EndGlobalSection
	GlobalSection(ExtensibilityGlobals) = postSolution
		SolutionGuid = {888270D8-FAFE-453B-820D-D92544F200F6}
	EndGlobalSection
EndGlobal
